
Microsoft Visual Studio Solution File, Format Version 12.00
# Visual Studio Version 17
VisualStudioVersion = 17.3.32929.385
MinimumVisualStudioVersion = 10.0.40219.1
Project("{9A19103F-16F7-4668-BE54-9A1E7A4F7556}") = "BankId.ConsoleDemo", "BankId.ConsoleDemo\BankId.ConsoleDemo.csproj", "{B0652DFE-14F4-466E-A0EA-5E726A8A555E}"
EndProject
Project("{9A19103F-16F7-4668-BE54-9A1E7A4F7556}") = "BankId.ServiceClient", "BankId.ServiceClient\BankId.ServiceClient.csproj", "{EDB1D864-3BFF-4A71-BC07-02BCBC4F5177}"
EndProject
Project("{FAE04EC0-301F-11D3-BF4B-00C04F79EFBC}") = "BankId.WebDemo", "BankId.WebDemo\BankId.WebDemo.csproj", "{7A05D896-BEAD-4276-94E2-A92BAEC13575}"
EndProject
Global
	GlobalSection(SolutionConfigurationPlatforms) = preSolution
		Debug|Any CPU = Debug|Any CPU
		Release|Any CPU = Release|Any CPU
	EndGlobalSection
	GlobalSection(ProjectConfigurationPlatforms) = postSolution
		{B0652DFE-14F4-466E-A0EA-5E726A8A555E}.Debug|Any CPU.ActiveCfg = Debug|Any CPU
		{B0652DFE-14F4-466E-A0EA-5E726A8A555E}.Debug|Any CPU.Build.0 = Debug|Any CPU
		{B0652DFE-14F4-466E-A0EA-5E726A8A555E}.Release|Any CPU.ActiveCfg = Release|Any CPU
		{B0652DFE-14F4-466E-A0EA-5E726A8A555E}.Release|Any CPU.Build.0 = Release|Any CPU
		{EDB1D864-3BFF-4A71-BC07-02BCBC4F5177}.Debug|Any CPU.ActiveCfg = Debug|Any CPU
		{EDB1D864-3BFF-4A71-BC07-02BCBC4F5177}.Debug|Any CPU.Build.0 = Debug|Any CPU
		{EDB1D864-3BFF-4A71-BC07-02BCBC4F5177}.Release|Any CPU.ActiveCfg = Release|Any CPU
		{EDB1D864-3BFF-4A71-BC07-02BCBC4F5177}.Release|Any CPU.Build.0 = Release|Any CPU
		{7A05D896-BEAD-4276-94E2-A92BAEC13575}.Debug|Any CPU.ActiveCfg = Debug|Any CPU
		{7A05D896-BEAD-4276-94E2-A92BAEC13575}.Debug|Any CPU.Build.0 = Debug|Any CPU
		{7A05D896-BEAD-4276-94E2-A92BAEC13575}.Release|Any CPU.ActiveCfg = Release|Any CPU
		{7A05D896-BEAD-4276-94E2-A92BAEC13575}.Release|Any CPU.Build.0 = Release|Any CPU
	EndGlobalSection
	GlobalSection(SolutionProperties) = preSolution
		HideSolutionNode = FALSE
	EndGlobalSection
	GlobalSection(ExtensibilityGlobals) = postSolution
		SolutionGuid = {7D13707C-D5C4-4BA7-A2B8-47F9DEA03B8D}
	EndGlobalSection
EndGlobal
